
Microsoft Visual Studio Solution File, Format Version 12.00
# Visual Studio Version 16
VisualStudioVersion = 16.0.30804.86
MinimumVisualStudioVersion = 10.0.40219.1
Project("{9A19103F-16F7-4668-BE54-9A1E7A4F7556}") = "MODiX.Host", "MODiX.Host\MODiX.Host.csproj", "{521519DD-0B04-4AC6-B5E7-1034C750EBF2}"
EndProject
Project("{2150E333-8FDC-42A3-9474-1A3956D46DE8}") = "Solution Items", "Solution Items", "{B8D4ECB7-9288-48DD-BE30-F438DF6F26EA}"
	ProjectSection(SolutionItems) = preProject
		.dockerignore = .dockerignore
		.editorconfig = .editorconfig
		.gitattributes = .gitattributes
		.gitignore = .gitignore
		Directory.Build.props = Directory.Build.props
		Directory.Build.targets = Directory.Build.targets
		LICENSE = LICENSE
		readme.md = readme.md
	EndProjectSection
EndProject
Project("{9A19103F-16F7-4668-BE54-9A1E7A4F7556}") = "MODiX.Web.Client", "MODiX.Web.Client\MODiX.Web.Client.csproj", "{59E58448-5ECB-473C-BF42-9CC9E70167DA}"
EndProject
Project("{9A19103F-16F7-4668-BE54-9A1E7A4F7556}") = "MODiX.Bot", "MODiX.Bot\MODiX.Bot.csproj", "{B8CE36D7-DC85-40E1-92D1-21EFB71E1C72}"
EndProject
Project("{9A19103F-16F7-4668-BE54-9A1E7A4F7556}") = "MODiX.Business", "MODiX.Business\MODiX.Business.csproj", "{E5B4D49A-EF28-4730-967B-DA812C909ABD}"
EndProject
Project("{9A19103F-16F7-4668-BE54-9A1E7A4F7556}") = "MODiX.Web.Server", "MODiX.Web.Server\MODiX.Web.Server.csproj", "{42B3ED8B-6A63-434F-B69D-0F4BA5F822E2}"
EndProject
Project("{9A19103F-16F7-4668-BE54-9A1E7A4F7556}") = "MODiX.Web.Protocol", "MODiX.Web.Protocol\MODiX.Web.Protocol.csproj", "{A8871C00-2FB0-434C-B0A5-F39ACF87A9B6}"
EndProject
Project("{9A19103F-16F7-4668-BE54-9A1E7A4F7556}") = "MODiX.Common", "MODiX.Common\MODiX.Common.csproj", "{C164C483-EA6F-4924-BA6A-7CDA97C3BB09}"
EndProject
Project("{FAE04EC0-301F-11D3-BF4B-00C04F79EFBC}") = "MODiX.Data", "MODiX.Data\MODiX.Data.csproj", "{42EF04CA-FAE4-4D79-BE9F-10CACD9E7267}"
EndProject
Project("{FAE04EC0-301F-11D3-BF4B-00C04F79EFBC}") = "MODiX.Data.Migrations", "MODiX.Data.Migrations\MODiX.Data.Migrations.csproj", "{BF11288A-1D03-4086-AC2E-370223318042}"
EndProject
Project("{FAE04EC0-301F-11D3-BF4B-00C04F79EFBC}") = "MODiX.HealthCheck", "MODiX.HealthCheck\MODiX.HealthCheck.csproj", "{CA0A7E65-5E79-43D4-A171-B417743DB2CC}"
EndProject
Project("{2150E333-8FDC-42A3-9474-1A3956D46DE8}") = ".github", ".github", "{2A778BF1-7F72-4500-BE1C-EBC89DBECCF9}"
EndProject
Project("{2150E333-8FDC-42A3-9474-1A3956D46DE8}") = "workflows", "workflows", "{6DFD4FD8-39B0-4E67-9B7F-365021300401}"
	ProjectSection(SolutionItems) = preProject
		.github\workflows\build-container.yml = .github\workflows\build-container.yml
	EndProjectSection
EndProject
Global
	GlobalSection(SolutionConfigurationPlatforms) = preSolution
		Debug|Any CPU = Debug|Any CPU
		Release|Any CPU = Release|Any CPU
	EndGlobalSection
	GlobalSection(ProjectConfigurationPlatforms) = postSolution
		{521519DD-0B04-4AC6-B5E7-1034C750EBF2}.Debug|Any CPU.ActiveCfg = Debug|Any CPU
		{521519DD-0B04-4AC6-B5E7-1034C750EBF2}.Debug|Any CPU.Build.0 = Debug|Any CPU
		{521519DD-0B04-4AC6-B5E7-1034C750EBF2}.Release|Any CPU.ActiveCfg = Release|Any CPU
		{521519DD-0B04-4AC6-B5E7-1034C750EBF2}.Release|Any CPU.Build.0 = Release|Any CPU
		{59E58448-5ECB-473C-BF42-9CC9E70167DA}.Debug|Any CPU.ActiveCfg = Debug|Any CPU
		{59E58448-5ECB-473C-BF42-9CC9E70167DA}.Debug|Any CPU.Build.0 = Debug|Any CPU
		{59E58448-5ECB-473C-BF42-9CC9E70167DA}.Release|Any CPU.ActiveCfg = Release|Any CPU
		{59E58448-5ECB-473C-BF42-9CC9E70167DA}.Release|Any CPU.Build.0 = Release|Any CPU
		{B8CE36D7-DC85-40E1-92D1-21EFB71E1C72}.Debug|Any CPU.ActiveCfg = Debug|Any CPU
		{B8CE36D7-DC85-40E1-92D1-21EFB71E1C72}.Debug|Any CPU.Build.0 = Debug|Any CPU
		{B8CE36D7-DC85-40E1-92D1-21EFB71E1C72}.Release|Any CPU.ActiveCfg = Release|Any CPU
		{B8CE36D7-DC85-40E1-92D1-21EFB71E1C72}.Release|Any CPU.Build.0 = Release|Any CPU
		{E5B4D49A-EF28-4730-967B-DA812C909ABD}.Debug|Any CPU.ActiveCfg = Debug|Any CPU
		{E5B4D49A-EF28-4730-967B-DA812C909ABD}.Debug|Any CPU.Build.0 = Debug|Any CPU
		{E5B4D49A-EF28-4730-967B-DA812C909ABD}.Release|Any CPU.ActiveCfg = Release|Any CPU
		{E5B4D49A-EF28-4730-967B-DA812C909ABD}.Release|Any CPU.Build.0 = Release|Any CPU
		{42B3ED8B-6A63-434F-B69D-0F4BA5F822E2}.Debug|Any CPU.ActiveCfg = Debug|Any CPU
		{42B3ED8B-6A63-434F-B69D-0F4BA5F822E2}.Debug|Any CPU.Build.0 = Debug|Any CPU
		{42B3ED8B-6A63-434F-B69D-0F4BA5F822E2}.Release|Any CPU.ActiveCfg = Release|Any CPU
		{42B3ED8B-6A63-434F-B69D-0F4BA5F822E2}.Release|Any CPU.Build.0 = Release|Any CPU
		{A8871C00-2FB0-434C-B0A5-F39ACF87A9B6}.Debug|Any CPU.ActiveCfg = Debug|Any CPU
		{A8871C00-2FB0-434C-B0A5-F39ACF87A9B6}.Debug|Any CPU.Build.0 = Debug|Any CPU
		{A8871C00-2FB0-434C-B0A5-F39ACF87A9B6}.Release|Any CPU.ActiveCfg = Release|Any CPU
		{A8871C00-2FB0-434C-B0A5-F39ACF87A9B6}.Release|Any CPU.Build.0 = Release|Any CPU
		{C164C483-EA6F-4924-BA6A-7CDA97C3BB09}.Debug|Any CPU.ActiveCfg = Debug|Any CPU
		{C164C483-EA6F-4924-BA6A-7CDA97C3BB09}.Debug|Any CPU.Build.0 = Debug|Any CPU
		{C164C483-EA6F-4924-BA6A-7CDA97C3BB09}.Release|Any CPU.ActiveCfg = Release|Any CPU
		{C164C483-EA6F-4924-BA6A-7CDA97C3BB09}.Release|Any CPU.Build.0 = Release|Any CPU
		{42EF04CA-FAE4-4D79-BE9F-10CACD9E7267}.Debug|Any CPU.ActiveCfg = Debug|Any CPU
		{42EF04CA-FAE4-4D79-BE9F-10CACD9E7267}.Debug|Any CPU.Build.0 = Debug|Any CPU
		{42EF04CA-FAE4-4D79-BE9F-10CACD9E7267}.Release|Any CPU.ActiveCfg = Release|Any CPU
		{42EF04CA-FAE4-4D79-BE9F-10CACD9E7267}.Release|Any CPU.Build.0 = Release|Any CPU
		{BF11288A-1D03-4086-AC2E-370223318042}.Debug|Any CPU.ActiveCfg = Debug|Any CPU
		{BF11288A-1D03-4086-AC2E-370223318042}.Debug|Any CPU.Build.0 = Debug|Any CPU
		{BF11288A-1D03-4086-AC2E-370223318042}.Release|Any CPU.ActiveCfg = Release|Any CPU
		{BF11288A-1D03-4086-AC2E-370223318042}.Release|Any CPU.Build.0 = Release|Any CPU
		{CA0A7E65-5E79-43D4-A171-B417743DB2CC}.Debug|Any CPU.ActiveCfg = Debug|Any CPU
		{CA0A7E65-5E79-43D4-A171-B417743DB2CC}.Debug|Any CPU.Build.0 = Debug|Any CPU
		{CA0A7E65-5E79-43D4-A171-B417743DB2CC}.Release|Any CPU.ActiveCfg = Release|Any CPU
		{CA0A7E65-5E79-43D4-A171-B417743DB2CC}.Release|Any CPU.Build.0 = Release|Any CPU
	EndGlobalSection
	GlobalSection(SolutionProperties) = preSolution
		HideSolutionNode = FALSE
	EndGlobalSection
	GlobalSection(NestedProjects) = preSolution
		{6DFD4FD8-39B0-4E67-9B7F-365021300401} = {2A778BF1-7F72-4500-BE1C-EBC89DBECCF9}
	EndGlobalSection
	GlobalSection(ExtensibilityGlobals) = postSolution
		SolutionGuid = {466FA6BB-E892-4504-B914-C235E3C2B6D2}
	EndGlobalSection
EndGlobal
